// !$*UTF8*$!
{
	archiveVersion = 1;
	classes = {
	};
	objectVersion = 46;
	objects = {

/* Begin PBXBuildFile section */
		B9183C2B1DCE6CE200BA90DA /* Milk.png in Resources */ = {isa = PBXBuildFile; fileRef = B9183C281DCE6CE200BA90DA /* Milk.png */; };
		B9183C2C1DCE6CE200BA90DA /* OrangeJuice.png in Resources */ = {isa = PBXBuildFile; fileRef = B9183C291DCE6CE200BA90DA /* OrangeJuice.png */; };
		B9183C2D1DCE6CE200BA90DA /* Pizza-Slice.png in Resources */ = {isa = PBXBuildFile; fileRef = B9183C2A1DCE6CE200BA90DA /* Pizza-Slice.png */; };
		B9183C331DCE6EA500BA90DA /* Banana.png in Resources */ = {isa = PBXBuildFile; fileRef = B9183C321DCE6EA500BA90DA /* Banana.png */; };
		B9183C351DCE6F6400BA90DA /* Bacon.png in Resources */ = {isa = PBXBuildFile; fileRef = B9183C341DCE6F6400BA90DA /* Bacon.png */; };
		B9183C4E1DCE7C4D00BA90DA /* BeefsteakTomato.png in Resources */ = {isa = PBXBuildFile; fileRef = B9183C361DCE7C4D00BA90DA /* BeefsteakTomato.png */; };
		B9183C4F1DCE7C4D00BA90DA /* BreakfastSausage.png in Resources */ = {isa = PBXBuildFile; fileRef = B9183C371DCE7C4D00BA90DA /* BreakfastSausage.png */; };
		B9183C501DCE7C4D00BA90DA /* Broccoli.png in Resources */ = {isa = PBXBuildFile; fileRef = B9183C381DCE7C4D00BA90DA /* Broccoli.png */; };
		B9183C511DCE7C4D00BA90DA /* Carrots.png in Resources */ = {isa = PBXBuildFile; fileRef = B9183C391DCE7C4D00BA90DA /* Carrots.png */; };
		B9183C521DCE7C4D00BA90DA /* Cereal.png in Resources */ = {isa = PBXBuildFile; fileRef = B9183C3A1DCE7C4D00BA90DA /* Cereal.png */; };
		B9183C531DCE7C4D00BA90DA /* CheddarCheese.png in Resources */ = {isa = PBXBuildFile; fileRef = B9183C3B1DCE7C4D00BA90DA /* CheddarCheese.png */; };
		B9183C541DCE7C4D00BA90DA /* Chicken.png in Resources */ = {isa = PBXBuildFile; fileRef = B9183C3C1DCE7C4D00BA90DA /* Chicken.png */; };
		B9183C551DCE7C4D00BA90DA /* ChickenNoodleSoup.png in Resources */ = {isa = PBXBuildFile; fileRef = B9183C3D1DCE7C4D00BA90DA /* ChickenNoodleSoup.png */; };
		B9183C561DCE7C4D00BA90DA /* Chickpeas.png in Resources */ = {isa = PBXBuildFile; fileRef = B9183C3E1DCE7C4D00BA90DA /* Chickpeas.png */; };
		B9183C571DCE7C4D00BA90DA /* Couscous.png in Resources */ = {isa = PBXBuildFile; fileRef = B9183C3F1DCE7C4D00BA90DA /* Couscous.png */; };
		B9183C581DCE7C4D00BA90DA /* Egg.png in Resources */ = {isa = PBXBuildFile; fileRef = B9183C401DCE7C4D00BA90DA /* Egg.png */; };
		B9183C591DCE7C4D00BA90DA /* Gourmet-Burger.png in Resources */ = {isa = PBXBuildFile; fileRef = B9183C411DCE7C4D00BA90DA /* Gourmet-Burger.png */; };
		B9183C5A1DCE7C4D00BA90DA /* GreenPepper.png in Resources */ = {isa = PBXBuildFile; fileRef = B9183C421DCE7C4D00BA90DA /* GreenPepper.png */; };
		B9183C5B1DCE7C4D00BA90DA /* Hummus.png in Resources */ = {isa = PBXBuildFile; fileRef = B9183C431DCE7C4D00BA90DA /* Hummus.png */; };
		B9183C5C1DCE7C4D00BA90DA /* ItalianBread.png in Resources */ = {isa = PBXBuildFile; fileRef = B9183C441DCE7C4D00BA90DA /* ItalianBread.png */; };
		B9183C5D1DCE7C4D00BA90DA /* Muffin.png in Resources */ = {isa = PBXBuildFile; fileRef = B9183C451DCE7C4D00BA90DA /* Muffin.png */; };
		B9183C5E1DCE7C4D00BA90DA /* Oatmeal.png in Resources */ = {isa = PBXBuildFile; fileRef = B9183C461DCE7C4D00BA90DA /* Oatmeal.png */; };
		B9183C5F1DCE7C4D00BA90DA /* Pancake.png in Resources */ = {isa = PBXBuildFile; fileRef = B9183C471DCE7C4D00BA90DA /* Pancake.png */; };
		B9183C601DCE7C4D00BA90DA /* PlainBagel.png in Resources */ = {isa = PBXBuildFile; fileRef = B9183C481DCE7C4D00BA90DA /* PlainBagel.png */; };
		B9183C611DCE7C4D00BA90DA /* RedPepper.png in Resources */ = {isa = PBXBuildFile; fileRef = B9183C491DCE7C4D00BA90DA /* RedPepper.png */; };
		B9183C621DCE7C4D00BA90DA /* Rice.png in Resources */ = {isa = PBXBuildFile; fileRef = B9183C4A1DCE7C4D00BA90DA /* Rice.png */; };
		B9183C631DCE7C4D00BA90DA /* Salmon.png in Resources */ = {isa = PBXBuildFile; fileRef = B9183C4B1DCE7C4D00BA90DA /* Salmon.png */; };
		B9183C641DCE7C4D00BA90DA /* Spinach.png in Resources */ = {isa = PBXBuildFile; fileRef = B9183C4C1DCE7C4D00BA90DA /* Spinach.png */; };
		B9183C651DCE7C4D00BA90DA /* Tofu.png in Resources */ = {isa = PBXBuildFile; fileRef = B9183C4D1DCE7C4D00BA90DA /* Tofu.png */; };
		B926962D1DCE2C230023C14C /* main.m in Sources */ = {isa = PBXBuildFile; fileRef = B926962C1DCE2C230023C14C /* main.m */; };
		B92696301DCE2C230023C14C /* AppDelegate.m in Sources */ = {isa = PBXBuildFile; fileRef = B926962F1DCE2C230023C14C /* AppDelegate.m */; };
		B92696331DCE2C230023C14C /* ViewController.m in Sources */ = {isa = PBXBuildFile; fileRef = B92696321DCE2C230023C14C /* ViewController.m */; };
		B92696361DCE2C230023C14C /* Main.storyboard in Resources */ = {isa = PBXBuildFile; fileRef = B92696341DCE2C230023C14C /* Main.storyboard */; };
		B92696391DCE2C230023C14C /* LogFood.xcdatamodeld in Sources */ = {isa = PBXBuildFile; fileRef = B92696371DCE2C230023C14C /* LogFood.xcdatamodeld */; };
		B926963B1DCE2C230023C14C /* Assets.xcassets in Resources */ = {isa = PBXBuildFile; fileRef = B926963A1DCE2C230023C14C /* Assets.xcassets */; };
		B926963E1DCE2C230023C14C /* LaunchScreen.storyboard in Resources */ = {isa = PBXBuildFile; fileRef = B926963C1DCE2C230023C14C /* LaunchScreen.storyboard */; };
		B92696491DCE2C230023C14C /* LogFoodTests.m in Sources */ = {isa = PBXBuildFile; fileRef = B92696481DCE2C230023C14C /* LogFoodTests.m */; };
		B92696541DCE2C230023C14C /* LogFoodUITests.m in Sources */ = {isa = PBXBuildFile; fileRef = B92696531DCE2C230023C14C /* LogFoodUITests.m */; };
		E64C45601DCE3BD800B58527 /* SettingsViewController.m in Sources */ = {isa = PBXBuildFile; fileRef = E64C455F1DCE3BD800B58527 /* SettingsViewController.m */; };
		E6779D531DCE5F1E0070AEC2 /* CollectionViewCell.m in Sources */ = {isa = PBXBuildFile; fileRef = E6779D521DCE5F1E0070AEC2 /* CollectionViewCell.m */; };
		E6779D561DCE5F300070AEC2 /* CollectionViewController.m in Sources */ = {isa = PBXBuildFile; fileRef = E6779D551DCE5F300070AEC2 /* CollectionViewController.m */; };
		E6779D591DCE99080070AEC2 /* CollectionViewCellEaten.m in Sources */ = {isa = PBXBuildFile; fileRef = E6779D581DCE99080070AEC2 /* CollectionViewCellEaten.m */; };
		E6779D5B1DCF83980070AEC2 /* Pasta.png in Resources */ = {isa = PBXBuildFile; fileRef = E6779D5A1DCF83980070AEC2 /* Pasta.png */; };
		E6779D5D1DCF84710070AEC2 /* PeanutButter.png in Resources */ = {isa = PBXBuildFile; fileRef = E6779D5C1DCF84710070AEC2 /* PeanutButter.png */; };
/* End PBXBuildFile section */

/* Begin PBXContainerItemProxy section */
		B92696451DCE2C230023C14C /* PBXContainerItemProxy */ = {
			isa = PBXContainerItemProxy;
			containerPortal = B92696201DCE2C230023C14C /* Project object */;
			proxyType = 1;
			remoteGlobalIDString = B92696271DCE2C230023C14C;
			remoteInfo = LogFood;
		};
		B92696501DCE2C230023C14C /* PBXContainerItemProxy */ = {
			isa = PBXContainerItemProxy;
			containerPortal = B92696201DCE2C230023C14C /* Project object */;
			proxyType = 1;
			remoteGlobalIDString = B92696271DCE2C230023C14C;
			remoteInfo = LogFood;
		};
/* End PBXContainerItemProxy section */

/* Begin PBXFileReference section */
		B9183C281DCE6CE200BA90DA /* Milk.png */ = {isa = PBXFileReference; lastKnownFileType = image.png; path = Milk.png; sourceTree = "<group>"; };
		B9183C291DCE6CE200BA90DA /* OrangeJuice.png */ = {isa = PBXFileReference; lastKnownFileType = image.png; path = OrangeJuice.png; sourceTree = "<group>"; };
		B9183C2A1DCE6CE200BA90DA /* Pizza-Slice.png */ = {isa = PBXFileReference; lastKnownFileType = image.png; path = "Pizza-Slice.png"; sourceTree = "<group>"; };
		B9183C321DCE6EA500BA90DA /* Banana.png */ = {isa = PBXFileReference; lastKnownFileType = image.png; path = Banana.png; sourceTree = "<group>"; };
		B9183C341DCE6F6400BA90DA /* Bacon.png */ = {isa = PBXFileReference; lastKnownFileType = image.png; path = Bacon.png; sourceTree = "<group>"; };
		B9183C361DCE7C4D00BA90DA /* BeefsteakTomato.png */ = {isa = PBXFileReference; lastKnownFileType = image.png; path = BeefsteakTomato.png; sourceTree = "<group>"; };
		B9183C371DCE7C4D00BA90DA /* BreakfastSausage.png */ = {isa = PBXFileReference; lastKnownFileType = image.png; path = BreakfastSausage.png; sourceTree = "<group>"; };
		B9183C381DCE7C4D00BA90DA /* Broccoli.png */ = {isa = PBXFileReference; lastKnownFileType = image.png; path = Broccoli.png; sourceTree = "<group>"; };
		B9183C391DCE7C4D00BA90DA /* Carrots.png */ = {isa = PBXFileReference; lastKnownFileType = image.png; path = Carrots.png; sourceTree = "<group>"; };
		B9183C3A1DCE7C4D00BA90DA /* Cereal.png */ = {isa = PBXFileReference; lastKnownFileType = image.png; path = Cereal.png; sourceTree = "<group>"; };
		B9183C3B1DCE7C4D00BA90DA /* CheddarCheese.png */ = {isa = PBXFileReference; lastKnownFileType = image.png; path = CheddarCheese.png; sourceTree = "<group>"; };
		B9183C3C1DCE7C4D00BA90DA /* Chicken.png */ = {isa = PBXFileReference; lastKnownFileType = image.png; path = Chicken.png; sourceTree = "<group>"; };
		B9183C3D1DCE7C4D00BA90DA /* ChickenNoodleSoup.png */ = {isa = PBXFileReference; lastKnownFileType = image.png; path = ChickenNoodleSoup.png; sourceTree = "<group>"; };
		B9183C3E1DCE7C4D00BA90DA /* Chickpeas.png */ = {isa = PBXFileReference; lastKnownFileType = image.png; path = Chickpeas.png; sourceTree = "<group>"; };
		B9183C3F1DCE7C4D00BA90DA /* Couscous.png */ = {isa = PBXFileReference; lastKnownFileType = image.png; path = Couscous.png; sourceTree = "<group>"; };
		B9183C401DCE7C4D00BA90DA /* Egg.png */ = {isa = PBXFileReference; lastKnownFileType = image.png; path = Egg.png; sourceTree = "<group>"; };
		B9183C411DCE7C4D00BA90DA /* Gourmet-Burger.png */ = {isa = PBXFileReference; lastKnownFileType = image.png; path = "Gourmet-Burger.png"; sourceTree = "<group>"; };
		B9183C421DCE7C4D00BA90DA /* GreenPepper.png */ = {isa = PBXFileReference; lastKnownFileType = image.png; path = GreenPepper.png; sourceTree = "<group>"; };
		B9183C431DCE7C4D00BA90DA /* Hummus.png */ = {isa = PBXFileReference; lastKnownFileType = image.png; path = Hummus.png; sourceTree = "<group>"; };
		B9183C441DCE7C4D00BA90DA /* ItalianBread.png */ = {isa = PBXFileReference; lastKnownFileType = image.png; path = ItalianBread.png; sourceTree = "<group>"; };
		B9183C451DCE7C4D00BA90DA /* Muffin.png */ = {isa = PBXFileReference; lastKnownFileType = image.png; path = Muffin.png; sourceTree = "<group>"; };
		B9183C461DCE7C4D00BA90DA /* Oatmeal.png */ = {isa = PBXFileReference; lastKnownFileType = image.png; path = Oatmeal.png; sourceTree = "<group>"; };
		B9183C471DCE7C4D00BA90DA /* Pancake.png */ = {isa = PBXFileReference; lastKnownFileType = image.png; path = Pancake.png; sourceTree = "<group>"; };
		B9183C481DCE7C4D00BA90DA /* PlainBagel.png */ = {isa = PBXFileReference; lastKnownFileType = image.png; path = PlainBagel.png; sourceTree = "<group>"; };
		B9183C491DCE7C4D00BA90DA /* RedPepper.png */ = {isa = PBXFileReference; lastKnownFileType = image.png; path = RedPepper.png; sourceTree = "<group>"; };
		B9183C4A1DCE7C4D00BA90DA /* Rice.png */ = {isa = PBXFileReference; lastKnownFileType = image.png; path = Rice.png; sourceTree = "<group>"; };
		B9183C4B1DCE7C4D00BA90DA /* Salmon.png */ = {isa = PBXFileReference; lastKnownFileType = image.png; path = Salmon.png; sourceTree = "<group>"; };
		B9183C4C1DCE7C4D00BA90DA /* Spinach.png */ = {isa = PBXFileReference; lastKnownFileType = image.png; path = Spinach.png; sourceTree = "<group>"; };
		B9183C4D1DCE7C4D00BA90DA /* Tofu.png */ = {isa = PBXFileReference; lastKnownFileType = image.png; path = Tofu.png; sourceTree = "<group>"; };
		B92696281DCE2C230023C14C /* LogFood.app */ = {isa = PBXFileReference; explicitFileType = wrapper.application; includeInIndex = 0; path = LogFood.app; sourceTree = BUILT_PRODUCTS_DIR; };
		B926962C1DCE2C230023C14C /* main.m */ = {isa = PBXFileReference; lastKnownFileType = sourcecode.c.objc; path = main.m; sourceTree = "<group>"; };
		B926962E1DCE2C230023C14C /* AppDelegate.h */ = {isa = PBXFileReference; lastKnownFileType = sourcecode.c.h; path = AppDelegate.h; sourceTree = "<group>"; };
		B926962F1DCE2C230023C14C /* AppDelegate.m */ = {isa = PBXFileReference; lastKnownFileType = sourcecode.c.objc; path = AppDelegate.m; sourceTree = "<group>"; };
		B92696311DCE2C230023C14C /* ViewController.h */ = {isa = PBXFileReference; lastKnownFileType = sourcecode.c.h; path = ViewController.h; sourceTree = "<group>"; };
		B92696321DCE2C230023C14C /* ViewController.m */ = {isa = PBXFileReference; lastKnownFileType = sourcecode.c.objc; path = ViewController.m; sourceTree = "<group>"; };
		B92696351DCE2C230023C14C /* Base */ = {isa = PBXFileReference; lastKnownFileType = file.storyboard; name = Base; path = Base.lproj/Main.storyboard; sourceTree = "<group>"; };
		B92696381DCE2C230023C14C /* LogFood.xcdatamodel */ = {isa = PBXFileReference; lastKnownFileType = wrapper.xcdatamodel; path = LogFood.xcdatamodel; sourceTree = "<group>"; };
		B926963A1DCE2C230023C14C /* Assets.xcassets */ = {isa = PBXFileReference; lastKnownFileType = folder.assetcatalog; path = Assets.xcassets; sourceTree = "<group>"; };
		B926963D1DCE2C230023C14C /* Base */ = {isa = PBXFileReference; lastKnownFileType = file.storyboard; name = Base; path = Base.lproj/LaunchScreen.storyboard; sourceTree = "<group>"; };
		B926963F1DCE2C230023C14C /* Info.plist */ = {isa = PBXFileReference; lastKnownFileType = text.plist.xml; path = Info.plist; sourceTree = "<group>"; };
		B92696441DCE2C230023C14C /* LogFoodTests.xctest */ = {isa = PBXFileReference; explicitFileType = wrapper.cfbundle; includeInIndex = 0; path = LogFoodTests.xctest; sourceTree = BUILT_PRODUCTS_DIR; };
		B92696481DCE2C230023C14C /* LogFoodTests.m */ = {isa = PBXFileReference; lastKnownFileType = sourcecode.c.objc; path = LogFoodTests.m; sourceTree = "<group>"; };
		B926964A1DCE2C230023C14C /* Info.plist */ = {isa = PBXFileReference; lastKnownFileType = text.plist.xml; path = Info.plist; sourceTree = "<group>"; };
		B926964F1DCE2C230023C14C /* LogFoodUITests.xctest */ = {isa = PBXFileReference; explicitFileType = wrapper.cfbundle; includeInIndex = 0; path = LogFoodUITests.xctest; sourceTree = BUILT_PRODUCTS_DIR; };
		B92696531DCE2C230023C14C /* LogFoodUITests.m */ = {isa = PBXFileReference; lastKnownFileType = sourcecode.c.objc; path = LogFoodUITests.m; sourceTree = "<group>"; };
		B92696551DCE2C230023C14C /* Info.plist */ = {isa = PBXFileReference; lastKnownFileType = text.plist.xml; path = Info.plist; sourceTree = "<group>"; };
		E64C455F1DCE3BD800B58527 /* SettingsViewController.m */ = {isa = PBXFileReference; fileEncoding = 4; lastKnownFileType = sourcecode.c.objc; path = SettingsViewController.m; sourceTree = "<group>"; };
		E64C45621DCE3C0E00B58527 /* SettingsViewController.h */ = {isa = PBXFileReference; lastKnownFileType = sourcecode.c.h; name = SettingsViewController.h; path = ../SettingsViewController.h; sourceTree = "<group>"; };
		E6779D511DCE5F1E0070AEC2 /* CollectionViewCell.h */ = {isa = PBXFileReference; fileEncoding = 4; lastKnownFileType = sourcecode.c.h; name = CollectionViewCell.h; path = ../CollectionViewCell.h; sourceTree = "<group>"; };
		E6779D521DCE5F1E0070AEC2 /* CollectionViewCell.m */ = {isa = PBXFileReference; fileEncoding = 4; lastKnownFileType = sourcecode.c.objc; name = CollectionViewCell.m; path = ../CollectionViewCell.m; sourceTree = "<group>"; };
		E6779D541DCE5F300070AEC2 /* CollectionViewController.h */ = {isa = PBXFileReference; fileEncoding = 4; lastKnownFileType = sourcecode.c.h; name = CollectionViewController.h; path = ../CollectionViewController.h; sourceTree = "<group>"; };
		E6779D551DCE5F300070AEC2 /* CollectionViewController.m */ = {isa = PBXFileReference; fileEncoding = 4; lastKnownFileType = sourcecode.c.objc; name = CollectionViewController.m; path = ../CollectionViewController.m; sourceTree = "<group>"; };
		E6779D571DCE99080070AEC2 /* CollectionViewCellEaten.h */ = {isa = PBXFileReference; fileEncoding = 4; lastKnownFileType = sourcecode.c.h; path = CollectionViewCellEaten.h; sourceTree = "<group>"; };
		E6779D581DCE99080070AEC2 /* CollectionViewCellEaten.m */ = {isa = PBXFileReference; fileEncoding = 4; lastKnownFileType = sourcecode.c.objc; path = CollectionViewCellEaten.m; sourceTree = "<group>"; };
		E6779D5A1DCF83980070AEC2 /* Pasta.png */ = {isa = PBXFileReference; lastKnownFileType = image.png; path = Pasta.png; sourceTree = "<group>"; };
		E6779D5C1DCF84710070AEC2 /* PeanutButter.png */ = {isa = PBXFileReference; lastKnownFileType = image.png; path = PeanutButter.png; sourceTree = "<group>"; };
/* End PBXFileReference section */

/* Begin PBXFrameworksBuildPhase section */
		B92696251DCE2C230023C14C /* Frameworks */ = {
			isa = PBXFrameworksBuildPhase;
			buildActionMask = 2147483647;
			files = (
			);
			runOnlyForDeploymentPostprocessing = 0;
		};
		B92696411DCE2C230023C14C /* Frameworks */ = {
			isa = PBXFrameworksBuildPhase;
			buildActionMask = 2147483647;
			files = (
			);
			runOnlyForDeploymentPostprocessing = 0;
		};
		B926964C1DCE2C230023C14C /* Frameworks */ = {
			isa = PBXFrameworksBuildPhase;
			buildActionMask = 2147483647;
			files = (
			);
			runOnlyForDeploymentPostprocessing = 0;
		};
/* End PBXFrameworksBuildPhase section */

/* Begin PBXGroup section */
		B926961F1DCE2C230023C14C = {
			isa = PBXGroup;
			children = (
				B926962A1DCE2C230023C14C /* LogFood */,
				B92696471DCE2C230023C14C /* LogFoodTests */,
				B92696521DCE2C230023C14C /* LogFoodUITests */,
				B92696291DCE2C230023C14C /* Products */,
			);
			sourceTree = "<group>";
		};
		B92696291DCE2C230023C14C /* Products */ = {
			isa = PBXGroup;
			children = (
				B92696281DCE2C230023C14C /* LogFood.app */,
				B92696441DCE2C230023C14C /* LogFoodTests.xctest */,
				B926964F1DCE2C230023C14C /* LogFoodUITests.xctest */,
			);
			name = Products;
			sourceTree = "<group>";
		};
		B926962A1DCE2C230023C14C /* LogFood */ = {
			isa = PBXGroup;
			children = (
				B926962E1DCE2C230023C14C /* AppDelegate.h */,
				B926962F1DCE2C230023C14C /* AppDelegate.m */,
				B92696311DCE2C230023C14C /* ViewController.h */,
				B92696321DCE2C230023C14C /* ViewController.m */,
				E64C45621DCE3C0E00B58527 /* SettingsViewController.h */,
				E64C455F1DCE3BD800B58527 /* SettingsViewController.m */,
				E6779D511DCE5F1E0070AEC2 /* CollectionViewCell.h */,
				E6779D521DCE5F1E0070AEC2 /* CollectionViewCell.m */,
				E6779D541DCE5F300070AEC2 /* CollectionViewController.h */,
				E6779D551DCE5F300070AEC2 /* CollectionViewController.m */,
				E6779D571DCE99080070AEC2 /* CollectionViewCellEaten.h */,
				E6779D581DCE99080070AEC2 /* CollectionViewCellEaten.m */,
				B92696341DCE2C230023C14C /* Main.storyboard */,
				B926963A1DCE2C230023C14C /* Assets.xcassets */,
				B926963C1DCE2C230023C14C /* LaunchScreen.storyboard */,
				B926963F1DCE2C230023C14C /* Info.plist */,
				B92696371DCE2C230023C14C /* LogFood.xcdatamodeld */,
				B926962B1DCE2C230023C14C /* Supporting Files */,
			);
			path = LogFood;
			sourceTree = "<group>";
		};
		B926962B1DCE2C230023C14C /* Supporting Files */ = {
			isa = PBXGroup;
			children = (
				E6779D5C1DCF84710070AEC2 /* PeanutButter.png */,
				B9183C361DCE7C4D00BA90DA /* BeefsteakTomato.png */,
				B9183C371DCE7C4D00BA90DA /* BreakfastSausage.png */,
				B9183C381DCE7C4D00BA90DA /* Broccoli.png */,
				B9183C391DCE7C4D00BA90DA /* Carrots.png */,
				B9183C3A1DCE7C4D00BA90DA /* Cereal.png */,
				B9183C3B1DCE7C4D00BA90DA /* CheddarCheese.png */,
				B9183C3C1DCE7C4D00BA90DA /* Chicken.png */,
				B9183C3D1DCE7C4D00BA90DA /* ChickenNoodleSoup.png */,
				B9183C3E1DCE7C4D00BA90DA /* Chickpeas.png */,
				B9183C3F1DCE7C4D00BA90DA /* Couscous.png */,
				B9183C401DCE7C4D00BA90DA /* Egg.png */,
				B9183C411DCE7C4D00BA90DA /* Gourmet-Burger.png */,
				B9183C421DCE7C4D00BA90DA /* GreenPepper.png */,
				B9183C431DCE7C4D00BA90DA /* Hummus.png */,
				B9183C441DCE7C4D00BA90DA /* ItalianBread.png */,
				B9183C451DCE7C4D00BA90DA /* Muffin.png */,
				B9183C461DCE7C4D00BA90DA /* Oatmeal.png */,
				B9183C471DCE7C4D00BA90DA /* Pancake.png */,
				B9183C481DCE7C4D00BA90DA /* PlainBagel.png */,
				B9183C491DCE7C4D00BA90DA /* RedPepper.png */,
				B9183C4A1DCE7C4D00BA90DA /* Rice.png */,
				B9183C4B1DCE7C4D00BA90DA /* Salmon.png */,
				B9183C4C1DCE7C4D00BA90DA /* Spinach.png */,
				B9183C4D1DCE7C4D00BA90DA /* Tofu.png */,
				B9183C281DCE6CE200BA90DA /* Milk.png */,
				B9183C341DCE6F6400BA90DA /* Bacon.png */,
				B9183C321DCE6EA500BA90DA /* Banana.png */,
				B9183C291DCE6CE200BA90DA /* OrangeJuice.png */,
				B9183C2A1DCE6CE200BA90DA /* Pizza-Slice.png */,
				E6779D5A1DCF83980070AEC2 /* Pasta.png */,
				B926962C1DCE2C230023C14C /* main.m */,
			);
			name = "Supporting Files";
			sourceTree = "<group>";
		};
		B92696471DCE2C230023C14C /* LogFoodTests */ = {
			isa = PBXGroup;
			children = (
				B92696481DCE2C230023C14C /* LogFoodTests.m */,
				B926964A1DCE2C230023C14C /* Info.plist */,
			);
			path = LogFoodTests;
			sourceTree = "<group>";
		};
		B92696521DCE2C230023C14C /* LogFoodUITests */ = {
			isa = PBXGroup;
			children = (
				B92696531DCE2C230023C14C /* LogFoodUITests.m */,
				B92696551DCE2C230023C14C /* Info.plist */,
			);
			path = LogFoodUITests;
			sourceTree = "<group>";
		};
/* End PBXGroup section */

/* Begin PBXNativeTarget section */
		B92696271DCE2C230023C14C /* LogFood */ = {
			isa = PBXNativeTarget;
			buildConfigurationList = B92696581DCE2C230023C14C /* Build configuration list for PBXNativeTarget "LogFood" */;
			buildPhases = (
				B92696241DCE2C230023C14C /* Sources */,
				B92696251DCE2C230023C14C /* Frameworks */,
				B92696261DCE2C230023C14C /* Resources */,
			);
			buildRules = (
			);
			dependencies = (
			);
			name = LogFood;
			productName = LogFood;
			productReference = B92696281DCE2C230023C14C /* LogFood.app */;
			productType = "com.apple.product-type.application";
		};
		B92696431DCE2C230023C14C /* LogFoodTests */ = {
			isa = PBXNativeTarget;
			buildConfigurationList = B926965B1DCE2C230023C14C /* Build configuration list for PBXNativeTarget "LogFoodTests" */;
			buildPhases = (
				B92696401DCE2C230023C14C /* Sources */,
				B92696411DCE2C230023C14C /* Frameworks */,
				B92696421DCE2C230023C14C /* Resources */,
			);
			buildRules = (
			);
			dependencies = (
				B92696461DCE2C230023C14C /* PBXTargetDependency */,
			);
			name = LogFoodTests;
			productName = LogFoodTests;
			productReference = B92696441DCE2C230023C14C /* LogFoodTests.xctest */;
			productType = "com.apple.product-type.bundle.unit-test";
		};
		B926964E1DCE2C230023C14C /* LogFoodUITests */ = {
			isa = PBXNativeTarget;
			buildConfigurationList = B926965E1DCE2C230023C14C /* Build configuration list for PBXNativeTarget "LogFoodUITests" */;
			buildPhases = (
				B926964B1DCE2C230023C14C /* Sources */,
				B926964C1DCE2C230023C14C /* Frameworks */,
				B926964D1DCE2C230023C14C /* Resources */,
			);
			buildRules = (
			);
			dependencies = (
				B92696511DCE2C230023C14C /* PBXTargetDependency */,
			);
			name = LogFoodUITests;
			productName = LogFoodUITests;
			productReference = B926964F1DCE2C230023C14C /* LogFoodUITests.xctest */;
			productType = "com.apple.product-type.bundle.ui-testing";
		};
/* End PBXNativeTarget section */

/* Begin PBXProject section */
		B92696201DCE2C230023C14C /* Project object */ = {
			isa = PBXProject;
			attributes = {
				LastUpgradeCheck = 0810;
				ORGANIZATIONNAME = UW;
				TargetAttributes = {
					B92696271DCE2C230023C14C = {
						CreatedOnToolsVersion = 8.1;
						ProvisioningStyle = Automatic;
					};
					B92696431DCE2C230023C14C = {
						CreatedOnToolsVersion = 8.1;
						ProvisioningStyle = Automatic;
						TestTargetID = B92696271DCE2C230023C14C;
					};
					B926964E1DCE2C230023C14C = {
						CreatedOnToolsVersion = 8.1;
						ProvisioningStyle = Automatic;
						TestTargetID = B92696271DCE2C230023C14C;
					};
				};
			};
			buildConfigurationList = B92696231DCE2C230023C14C /* Build configuration list for PBXProject "LogFood" */;
			compatibilityVersion = "Xcode 3.2";
			developmentRegion = English;
			hasScannedForEncodings = 0;
			knownRegions = (
				en,
				Base,
			);
			mainGroup = B926961F1DCE2C230023C14C;
			productRefGroup = B92696291DCE2C230023C14C /* Products */;
			projectDirPath = "";
			projectRoot = "";
			targets = (
				B92696271DCE2C230023C14C /* LogFood */,
				B92696431DCE2C230023C14C /* LogFoodTests */,
				B926964E1DCE2C230023C14C /* LogFoodUITests */,
			);
		};
/* End PBXProject section */

/* Begin PBXResourcesBuildPhase section */
		B92696261DCE2C230023C14C /* Resources */ = {
			isa = PBXResourcesBuildPhase;
			buildActionMask = 2147483647;
			files = (
				B9183C5B1DCE7C4D00BA90DA /* Hummus.png in Resources */,
				B9183C531DCE7C4D00BA90DA /* CheddarCheese.png in Resources */,
				B9183C5D1DCE7C4D00BA90DA /* Muffin.png in Resources */,
				B9183C631DCE7C4D00BA90DA /* Salmon.png in Resources */,
				B9183C2B1DCE6CE200BA90DA /* Milk.png in Resources */,
				B9183C601DCE7C4D00BA90DA /* PlainBagel.png in Resources */,
				B9183C521DCE7C4D00BA90DA /* Cereal.png in Resources */,
				B9183C561DCE7C4D00BA90DA /* Chickpeas.png in Resources */,
				B926963E1DCE2C230023C14C /* LaunchScreen.storyboard in Resources */,
				B9183C5E1DCE7C4D00BA90DA /* Oatmeal.png in Resources */,
				B926963B1DCE2C230023C14C /* Assets.xcassets in Resources */,
				B9183C551DCE7C4D00BA90DA /* ChickenNoodleSoup.png in Resources */,
				E6779D5D1DCF84710070AEC2 /* PeanutButter.png in Resources */,
				E6779D5B1DCF83980070AEC2 /* Pasta.png in Resources */,
				B9183C611DCE7C4D00BA90DA /* RedPepper.png in Resources */,
				B9183C2D1DCE6CE200BA90DA /* Pizza-Slice.png in Resources */,
				B9183C511DCE7C4D00BA90DA /* Carrots.png in Resources */,
				B9183C2C1DCE6CE200BA90DA /* OrangeJuice.png in Resources */,
				B9183C4E1DCE7C4D00BA90DA /* BeefsteakTomato.png in Resources */,
				B9183C641DCE7C4D00BA90DA /* Spinach.png in Resources */,
				B9183C621DCE7C4D00BA90DA /* Rice.png in Resources */,
				B9183C541DCE7C4D00BA90DA /* Chicken.png in Resources */,
				B9183C591DCE7C4D00BA90DA /* Gourmet-Burger.png in Resources */,
				B9183C5C1DCE7C4D00BA90DA /* ItalianBread.png in Resources */,
				B92696361DCE2C230023C14C /* Main.storyboard in Resources */,
				B9183C581DCE7C4D00BA90DA /* Egg.png in Resources */,
				B9183C5F1DCE7C4D00BA90DA /* Pancake.png in Resources */,
				B9183C651DCE7C4D00BA90DA /* Tofu.png in Resources */,
				B9183C5A1DCE7C4D00BA90DA /* GreenPepper.png in Resources */,
				B9183C571DCE7C4D00BA90DA /* Couscous.png in Resources */,
				B9183C4F1DCE7C4D00BA90DA /* BreakfastSausage.png in Resources */,
				B9183C501DCE7C4D00BA90DA /* Broccoli.png in Resources */,
				B9183C331DCE6EA500BA90DA /* Banana.png in Resources */,
				B9183C351DCE6F6400BA90DA /* Bacon.png in Resources */,
			);
			runOnlyForDeploymentPostprocessing = 0;
		};
		B92696421DCE2C230023C14C /* Resources */ = {
			isa = PBXResourcesBuildPhase;
			buildActionMask = 2147483647;
			files = (
			);
			runOnlyForDeploymentPostprocessing = 0;
		};
		B926964D1DCE2C230023C14C /* Resources */ = {
			isa = PBXResourcesBuildPhase;
			buildActionMask = 2147483647;
			files = (
			);
			runOnlyForDeploymentPostprocessing = 0;
		};
/* End PBXResourcesBuildPhase section */

/* Begin PBXSourcesBuildPhase section */
		B92696241DCE2C230023C14C /* Sources */ = {
			isa = PBXSourcesBuildPhase;
			buildActionMask = 2147483647;
			files = (
				E6779D591DCE99080070AEC2 /* CollectionViewCellEaten.m in Sources */,
				E6779D531DCE5F1E0070AEC2 /* CollectionViewCell.m in Sources */,
				E6779D561DCE5F300070AEC2 /* CollectionViewController.m in Sources */,
				B92696331DCE2C230023C14C /* ViewController.m in Sources */,
				B92696301DCE2C230023C14C /* AppDelegate.m in Sources */,
				E64C45601DCE3BD800B58527 /* SettingsViewController.m in Sources */,
				B92696391DCE2C230023C14C /* LogFood.xcdatamodeld in Sources */,
				B926962D1DCE2C230023C14C /* main.m in Sources */,
			);
			runOnlyForDeploymentPostprocessing = 0;
		};
		B92696401DCE2C230023C14C /* Sources */ = {
			isa = PBXSourcesBuildPhase;
			buildActionMask = 2147483647;
			files = (
				B92696491DCE2C230023C14C /* LogFoodTests.m in Sources */,
			);
			runOnlyForDeploymentPostprocessing = 0;
		};
		B926964B1DCE2C230023C14C /* Sources */ = {
			isa = PBXSourcesBuildPhase;
			buildActionMask = 2147483647;
			files = (
				B92696541DCE2C230023C14C /* LogFoodUITests.m in Sources */,
			);
			runOnlyForDeploymentPostprocessing = 0;
		};
/* End PBXSourcesBuildPhase section */

/* Begin PBXTargetDependency section */
		B92696461DCE2C230023C14C /* PBXTargetDependency */ = {
			isa = PBXTargetDependency;
			target = B92696271DCE2C230023C14C /* LogFood */;
			targetProxy = B92696451DCE2C230023C14C /* PBXContainerItemProxy */;
		};
		B92696511DCE2C230023C14C /* PBXTargetDependency */ = {
			isa = PBXTargetDependency;
			target = B92696271DCE2C230023C14C /* LogFood */;
			targetProxy = B92696501DCE2C230023C14C /* PBXContainerItemProxy */;
		};
/* End PBXTargetDependency section */

/* Begin PBXVariantGroup section */
		B92696341DCE2C230023C14C /* Main.storyboard */ = {
			isa = PBXVariantGroup;
			children = (
				B92696351DCE2C230023C14C /* Base */,
			);
			name = Main.storyboard;
			sourceTree = "<group>";
		};
		B926963C1DCE2C230023C14C /* LaunchScreen.storyboard */ = {
			isa = PBXVariantGroup;
			children = (
				B926963D1DCE2C230023C14C /* Base */,
			);
			name = LaunchScreen.storyboard;
			sourceTree = "<group>";
		};
/* End PBXVariantGroup section */

/* Begin XCBuildConfiguration section */
		B92696561DCE2C230023C14C /* Debug */ = {
			isa = XCBuildConfiguration;
			buildSettings = {
				ALWAYS_SEARCH_USER_PATHS = NO;
				CLANG_ANALYZER_NONNULL = YES;
				CLANG_CXX_LANGUAGE_STANDARD = "gnu++0x";
				CLANG_CXX_LIBRARY = "libc++";
				CLANG_ENABLE_MODULES = YES;
				CLANG_ENABLE_OBJC_ARC = YES;
				CLANG_WARN_BOOL_CONVERSION = YES;
				CLANG_WARN_CONSTANT_CONVERSION = YES;
				CLANG_WARN_DIRECT_OBJC_ISA_USAGE = YES_ERROR;
				CLANG_WARN_DOCUMENTATION_COMMENTS = YES;
				CLANG_WARN_EMPTY_BODY = YES;
				CLANG_WARN_ENUM_CONVERSION = YES;
				CLANG_WARN_INFINITE_RECURSION = YES;
				CLANG_WARN_INT_CONVERSION = YES;
				CLANG_WARN_OBJC_ROOT_CLASS = YES_ERROR;
				CLANG_WARN_SUSPICIOUS_MOVES = YES;
				CLANG_WARN_UNREACHABLE_CODE = YES;
				CLANG_WARN__DUPLICATE_METHOD_MATCH = YES;
				"CODE_SIGN_IDENTITY[sdk=iphoneos*]" = "iPhone Developer";
				COPY_PHASE_STRIP = NO;
				DEBUG_INFORMATION_FORMAT = dwarf;
				ENABLE_STRICT_OBJC_MSGSEND = YES;
				ENABLE_TESTABILITY = YES;
				GCC_C_LANGUAGE_STANDARD = gnu99;
				GCC_DYNAMIC_NO_PIC = NO;
				GCC_NO_COMMON_BLOCKS = YES;
				GCC_OPTIMIZATION_LEVEL = 0;
				GCC_PREPROCESSOR_DEFINITIONS = (
					"DEBUG=1",
					"$(inherited)",
				);
				GCC_WARN_64_TO_32_BIT_CONVERSION = YES;
				GCC_WARN_ABOUT_RETURN_TYPE = YES_ERROR;
				GCC_WARN_UNDECLARED_SELECTOR = YES;
				GCC_WARN_UNINITIALIZED_AUTOS = YES_AGGRESSIVE;
				GCC_WARN_UNUSED_FUNCTION = YES;
				GCC_WARN_UNUSED_VARIABLE = YES;
				IPHONEOS_DEPLOYMENT_TARGET = 10.1;
				MTL_ENABLE_DEBUG_INFO = YES;
				ONLY_ACTIVE_ARCH = YES;
				SDKROOT = iphoneos;
			};
			name = Debug;
		};
		B92696571DCE2C230023C14C /* Release */ = {
			isa = XCBuildConfiguration;
			buildSettings = {
				ALWAYS_SEARCH_USER_PATHS = NO;
				CLANG_ANALYZER_NONNULL = YES;
				CLANG_CXX_LANGUAGE_STANDARD = "gnu++0x";
				CLANG_CXX_LIBRARY = "libc++";
				CLANG_ENABLE_MODULES = YES;
				CLANG_ENABLE_OBJC_ARC = YES;
				CLANG_WARN_BOOL_CONVERSION = YES;
				CLANG_WARN_CONSTANT_CONVERSION = YES;
				CLANG_WARN_DIRECT_OBJC_ISA_USAGE = YES_ERROR;
				CLANG_WARN_DOCUMENTATION_COMMENTS = YES;
				CLANG_WARN_EMPTY_BODY = YES;
				CLANG_WARN_ENUM_CONVERSION = YES;
				CLANG_WARN_INFINITE_RECURSION = YES;
				CLANG_WARN_INT_CONVERSION = YES;
				CLANG_WARN_OBJC_ROOT_CLASS = YES_ERROR;
				CLANG_WARN_SUSPICIOUS_MOVES = YES;
				CLANG_WARN_UNREACHABLE_CODE = YES;
				CLANG_WARN__DUPLICATE_METHOD_MATCH = YES;
				"CODE_SIGN_IDENTITY[sdk=iphoneos*]" = "iPhone Developer";
				COPY_PHASE_STRIP = NO;
				DEBUG_INFORMATION_FORMAT = "dwarf-with-dsym";
				ENABLE_NS_ASSERTIONS = NO;
				ENABLE_STRICT_OBJC_MSGSEND = YES;
				GCC_C_LANGUAGE_STANDARD = gnu99;
				GCC_NO_COMMON_BLOCKS = YES;
				GCC_WARN_64_TO_32_BIT_CONVERSION = YES;
				GCC_WARN_ABOUT_RETURN_TYPE = YES_ERROR;
				GCC_WARN_UNDECLARED_SELECTOR = YES;
				GCC_WARN_UNINITIALIZED_AUTOS = YES_AGGRESSIVE;
				GCC_WARN_UNUSED_FUNCTION = YES;
				GCC_WARN_UNUSED_VARIABLE = YES;
				IPHONEOS_DEPLOYMENT_TARGET = 10.1;
				MTL_ENABLE_DEBUG_INFO = NO;
				SDKROOT = iphoneos;
				VALIDATE_PRODUCT = YES;
			};
			name = Release;
		};
		B92696591DCE2C230023C14C /* Debug */ = {
			isa = XCBuildConfiguration;
			buildSettings = {
				ASSETCATALOG_COMPILER_APPICON_NAME = AppIcon;
				INFOPLIST_FILE = LogFood/Info.plist;
				LD_RUNPATH_SEARCH_PATHS = "$(inherited) @executable_path/Frameworks";
				PRODUCT_BUNDLE_IDENTIFIER = uw.LogFood;
				PRODUCT_NAME = "$(TARGET_NAME)";
			};
			name = Debug;
		};
		B926965A1DCE2C230023C14C /* Release */ = {
			isa = XCBuildConfiguration;
			buildSettings = {
				ASSETCATALOG_COMPILER_APPICON_NAME = AppIcon;
				INFOPLIST_FILE = LogFood/Info.plist;
				LD_RUNPATH_SEARCH_PATHS = "$(inherited) @executable_path/Frameworks";
				PRODUCT_BUNDLE_IDENTIFIER = uw.LogFood;
				PRODUCT_NAME = "$(TARGET_NAME)";
			};
			name = Release;
		};
		B926965C1DCE2C230023C14C /* Debug */ = {
			isa = XCBuildConfiguration;
			buildSettings = {
				BUNDLE_LOADER = "$(TEST_HOST)";
				INFOPLIST_FILE = LogFoodTests/Info.plist;
				LD_RUNPATH_SEARCH_PATHS = "$(inherited) @executable_path/Frameworks @loader_path/Frameworks";
				PRODUCT_BUNDLE_IDENTIFIER = uw.LogFoodTests;
				PRODUCT_NAME = "$(TARGET_NAME)";
				TEST_HOST = "$(BUILT_PRODUCTS_DIR)/LogFood.app/LogFood";
			};
			name = Debug;
		};
		B926965D1DCE2C230023C14C /* Release */ = {
			isa = XCBuildConfiguration;
			buildSettings = {
				BUNDLE_LOADER = "$(TEST_HOST)";
				INFOPLIST_FILE = LogFoodTests/Info.plist;
				LD_RUNPATH_SEARCH_PATHS = "$(inherited) @executable_path/Frameworks @loader_path/Frameworks";
				PRODUCT_BUNDLE_IDENTIFIER = uw.LogFoodTests;
				PRODUCT_NAME = "$(TARGET_NAME)";
				TEST_HOST = "$(BUILT_PRODUCTS_DIR)/LogFood.app/LogFood";
			};
			name = Release;
		};
		B926965F1DCE2C230023C14C /* Debug */ = {
			isa = XCBuildConfiguration;
			buildSettings = {
				INFOPLIST_FILE = LogFoodUITests/Info.plist;
				LD_RUNPATH_SEARCH_PATHS = "$(inherited) @executable_path/Frameworks @loader_path/Frameworks";
				PRODUCT_BUNDLE_IDENTIFIER = uw.LogFoodUITests;
				PRODUCT_NAME = "$(TARGET_NAME)";
				TEST_TARGET_NAME = LogFood;
			};
			name = Debug;
		};
		B92696601DCE2C230023C14C /* Release */ = {
			isa = XCBuildConfiguration;
			buildSettings = {
				INFOPLIST_FILE = LogFoodUITests/Info.plist;
				LD_RUNPATH_SEARCH_PATHS = "$(inherited) @executable_path/Frameworks @loader_path/Frameworks";
				PRODUCT_BUNDLE_IDENTIFIER = uw.LogFoodUITests;
				PRODUCT_NAME = "$(TARGET_NAME)";
				TEST_TARGET_NAME = LogFood;
			};
			name = Release;
		};
/* End XCBuildConfiguration section */

/* Begin XCConfigurationList section */
		B92696231DCE2C230023C14C /* Build configuration list for PBXProject "LogFood" */ = {
			isa = XCConfigurationList;
			buildConfigurations = (
				B92696561DCE2C230023C14C /* Debug */,
				B92696571DCE2C230023C14C /* Release */,
			);
			defaultConfigurationIsVisible = 0;
			defaultConfigurationName = Release;
		};
		B92696581DCE2C230023C14C /* Build configuration list for PBXNativeTarget "LogFood" */ = {
			isa = XCConfigurationList;
			buildConfigurations = (
				B92696591DCE2C230023C14C /* Debug */,
				B926965A1DCE2C230023C14C /* Release */,
			);
			defaultConfigurationIsVisible = 0;
			defaultConfigurationName = Release;
		};
		B926965B1DCE2C230023C14C /* Build configuration list for PBXNativeTarget "LogFoodTests" */ = {
			isa = XCConfigurationList;
			buildConfigurations = (
				B926965C1DCE2C230023C14C /* Debug */,
				B926965D1DCE2C230023C14C /* Release */,
			);
			defaultConfigurationIsVisible = 0;
			defaultConfigurationName = Release;
		};
		B926965E1DCE2C230023C14C /* Build configuration list for PBXNativeTarget "LogFoodUITests" */ = {
			isa = XCConfigurationList;
			buildConfigurations = (
				B926965F1DCE2C230023C14C /* Debug */,
				B92696601DCE2C230023C14C /* Release */,
			);
			defaultConfigurationIsVisible = 0;
			defaultConfigurationName = Release;
		};
/* End XCConfigurationList section */

/* Begin XCVersionGroup section */
		B92696371DCE2C230023C14C /* LogFood.xcdatamodeld */ = {
			isa = XCVersionGroup;
			children = (
				B92696381DCE2C230023C14C /* LogFood.xcdatamodel */,
			);
			currentVersion = B92696381DCE2C230023C14C /* LogFood.xcdatamodel */;
			path = LogFood.xcdatamodeld;
			sourceTree = "<group>";
			versionGroupType = wrapper.xcdatamodel;
		};
/* End XCVersionGroup section */
	};
	rootObject = B92696201DCE2C230023C14C /* Project object */;
}
